<?xml version="1.0" encoding="UTF-8" standalone="yes" ?>
<CodeBlocks_project_file>
	<FileVersion major="1" minor="6" />
	<Project>
		<Option title="squilu" />
		<Option pch_mode="2" />
		<Option compiler="gcc" />
		<Build>
			<Target title="Debug">
				<Option output="bin/squilu-dbg" prefix_auto="1" extension_auto="1" />
				<Option object_output="obj/Debug/" />
				<Option type="1" />
				<Option compiler="gcc" />
				<Option parameters="ourbiz-client.nut" />
				<Compiler>
					<Add option="-g" />
					<Add directory="../zeromq-3.2.2/include" />
				</Compiler>
				<Linker>
					<Add library="../zeromq-3.2.2/libzmq3.a" />
					<Add library="pthread" />
					<Add library="rt" />
					<Add library="dl" />
					<Add library="axtls" />
					<Add library="mpdecimal" />
				</Linker>
			</Target>
			<Target title="Release">
				<Option output="bin/squilu" prefix_auto="1" extension_auto="1" />
				<Option object_output="obj/Release/" />
				<Option type="1" />
				<Option compiler="gcc" />
				<Compiler>
					<Add option="-O3" />
					<Add option="-Wall" />
					<Add option="-fno-rtti" />
					<Add option="-fno-strict-aliasing" />
					<Add directory="../zeromq-3.2.2/include" />
				</Compiler>
				<Linker>
					<Add option="-s" />
					<Add library="../zeromq-3.2.2/libzmq3.a" />
					<Add library="pthread" />
					<Add library="rt" />
					<Add library="dl" />
					<Add library="axtls" />
					<Add library="mpdecimal" />
					<Add directory="../zeromq-3.2.2" />
				</Linker>
			</Target>
			<Target title="Release clang">
				<Option output="bin/squilu" prefix_auto="1" extension_auto="1" />
				<Option object_output="obj/Release/" />
				<Option type="1" />
				<Option compiler="clang_compiler" />
				<Compiler>
					<Add option="-O2" />
				</Compiler>
				<Linker>
					<Add option="-s" />
					<Add library="pthread" />
					<Add library="rt" />
					<Add library="dl" />
					<Add library="axtls" />
					<Add library="mpdecimal" />
				</Linker>
			</Target>
			<Target title="Release win32">
				<Option output="bin/squilu.exe" prefix_auto="1" extension_auto="0" />
				<Option object_output="obj/Release-win32/" />
				<Option type="1" />
				<Option compiler="mingw32_compiler" />
				<Compiler>
					<Add option="-O3" />
					<Add option="-Wall" />
					<Add option="-fno-rtti" />
					<Add option="-fno-strict-aliasing" />
					<Add option="-DAS_STATIC_LIB=1" />
					<Add option="-DINET_ATON=1" />
					<Add directory="../../../../media/DATA/dadbiz++/zeromq-3.2.2/include" />
				</Compiler>
				<Linker>
					<Add option="-s" />
					<Add option="-static-libstdc++" />
					<Add option="-static-libgcc" />
					<Add library="../../../../media/DATA/dadbiz++/zeromq-3.2.2/libzeromq-win32.a" />
					<Add library="axtls-win32" />
					<Add library="ws2_32" />
					<Add library="mpdecimal-win32" />
				</Linker>
			</Target>
			<Target title="Release FLTK">
				<Option output="bin/squilu" prefix_auto="1" extension_auto="1" />
				<Option object_output="obj/Release/" />
				<Option type="1" />
				<Option compiler="gcc" />
				<Compiler>
					<Add option="-O3" />
					<Add option="-Wall" />
					<Add option="-fno-rtti" />
					<Add option="-fno-strict-aliasing" />
					<Add option="-DWITH_FLTK=1" />
					<Add directory="../zeromq-3.2.2/include" />
					<Add directory="../dadbiz++/third-party/fltk" />
				</Compiler>
				<Linker>
					<Add option="-s" />
					<Add library="../zeromq-3.2.2/libzmq3.a" />
					<Add library="pthread" />
					<Add library="rt" />
					<Add library="dl" />
					<Add library="axtls" />
					<Add library="fltk" />
					<Add library="fltk_images" />
					<Add library="fltk_png" />
					<Add library="fltk_jpeg" />
					<Add library="fltk_z" />
					<Add library="Xext" />
					<Add library="Xft" />
					<Add library="Xinerama" />
					<Add library="mpdecimal" />
					<Add directory="../zeromq-3.2.2" />
					<Add directory="../dadbiz++/third-party/fltk/lib" />
				</Linker>
			</Target>
			<Target title="Debug FLTK">
				<Option output="bin/squilu-dbg" prefix_auto="1" extension_auto="1" />
				<Option object_output="obj/Debug/" />
				<Option type="1" />
				<Option compiler="gcc" />
				<Compiler>
					<Add option="-Wall" />
					<Add option="-g" />
					<Add option="-fno-rtti" />
					<Add option="-fno-strict-aliasing" />
					<Add option="-DWITH_FLTK=1" />
					<Add directory="../zeromq-3.2.2/include" />
					<Add directory="../dadbiz++/third-party/fltk" />
				</Compiler>
				<Linker>
					<Add library="../zeromq-3.2.2/libzmq3.a" />
					<Add library="pthread" />
					<Add library="rt" />
					<Add library="dl" />
					<Add library="axtls" />
					<Add library="fltk" />
					<Add library="fltk_images" />
					<Add library="fltk_png" />
					<Add library="fltk_jpeg" />
					<Add library="fltk_z" />
					<Add library="Xext" />
					<Add library="Xft" />
					<Add library="Xinerama" />
					<Add library="mpdecimal" />
					<Add directory="../zeromq-3.2.2" />
					<Add directory="../dadbiz++/third-party/fltk/lib" />
				</Linker>
			</Target>
		</Build>
		<Compiler>
			<Add option="-Wall" />
			<Add option="-fno-strict-aliasing" />
			<Add option="-DWITH_DAD_EXTRAS=1" />
			<Add option="-DSQ_SUBLATIN=1" />
			<Add option="-DNEED_SUBLATIN_C2=1" />
			<Add option="-DSQUSEDOUBLE=1" />
			<Add option="-DSQUSEDECIMAL642=1" />
			<Add option="-DNO_EXCEPTION_KEY_NOT_FOUND0=1" />
			<Add option="-D_SQ642=1" />
			<Add option="-DNO_GARBAGE_COLLECTOR00=1" />
			<Add option="-DSQLITE_DEFAULT_FILE_FORMAT=4" />
			<Add option="-DSQLITE_DEFAULT_AUTOVACUUM=1" />
			<Add option="-DSQLITE_DEFAULT_FOREIGN_KEYS=1" />
			<Add option="-DSQLITE_ENABLE_COLUMN_METADATA=1" />
			<Add option="-DSQLITE_ENABLE_EXTENSION_FUNCTIONS=1" />
			<Add option="-DSQLITE_ENABLE_FTS3=1" />
			<Add option="-DSQLITE_ENABLE_FTS3_PARENTHESIS=1" />
			<Add option="-DSQLITE_ENABLE_UNLOCK_NOTIFY=1" />
			<Add option="-DSQLITE_ENABLE_RTREE=1" />
			<Add option="-DSQLITE_ENABLE_STAT3=1" />
			<Add option="-DSQLITE_HAS_CODEC=1" />
			<Add option="-DSQLITE_OMIT_TCL_VARIABLE=1" />
			<Add option="-DSQLITE_USE_URI=1" />
			<Add option="-DSQLITE_SOUNDEX=1" />
			<Add option="-DNO_POPEN=1" />
			<Add option="-DNO_SSL_DL=1" />
			<Add option="-DHAVE_STDINT=1" />
			<Add option="-DUSE_AXTLS=1" />
			<Add option="-DUSE_AXTLS_ON_MEMORY=1" />
			<Add option="-D_FILE_OFFSET_BITS=64" />
			<Add option="-DSSL_STATIC_LIBRARY=1" />
			<Add option="-DPDF_USING_ZLIB=1" />
			<Add option="-DRS232_STATIC=1" />
			<Add directory="include" />
			<Add directory="sqstdlib" />
			<Add directory="ext" />
			<Add directory="ext/myaxtls" />
			<Add directory="../dadbiz++/third-party/sqlite3" />
		</Compiler>
		<Linker>
			<Add library="m" />
			<Add library="z" />
			<Add directory="lib" />
			<Add directory="ext/myaxtls" />
			<Add directory="ext/mpdecimal" />
		</Linker>
		<Unit filename="ext/fpdf.cpp" />
		<Unit filename="ext/fpdf.h" />
		<Unit filename="ext/lua_socket.cpp" />
		<Unit filename="ext/lua_socket.h" />
		<Unit filename="ext/mongoose.c">
			<Option compilerVar="CC" />
		</Unit>
		<Unit filename="ext/mongoose.h" />
		<Unit filename="ext/pdf-font.cpp" />
		<Unit filename="ext/pdf-font.h" />
		<Unit filename="ext/sq_alien_struct.cpp">
			<Option compilerVar="CC" />
		</Unit>
		<Unit filename="ext/sq_axtls.c">
			<Option compilerVar="CC" />
		</Unit>
		<Unit filename="ext/sq_base64.cpp" />
		<Unit filename="ext/sq_decimal.cpp" />
		<Unit filename="ext/sq_fltk.cpp" />
		<Unit filename="ext/sq_fpdf.cpp" />
		<Unit filename="ext/sq_fs.c">
			<Option compilerVar="CC" />
		</Unit>
		<Unit filename="ext/sq_mix.cpp" />
		<Unit filename="ext/sq_mongoose.cpp" />
		<Unit filename="ext/sq_rs232.c">
			<Option compilerVar="CC" />
		</Unit>
		<Unit filename="ext/sq_slave_vm.cpp" />
		<Unit filename="ext/sq_socket.cpp" />
		<Unit filename="ext/sq_sqlite3.cpp" />
		<Unit filename="ext/sq_tinyxml2.cpp" />
		<Unit filename="ext/sq_zlib.cpp" />
		<Unit filename="ext/sq_zmq3.cpp" />
		<Unit filename="ext/sqmodule.h" />
		<Unit filename="ext/sqratimport.cpp" />
		<Unit filename="ext/sqratimport.h" />
		<Unit filename="ext/tinyxml2.cpp" />
		<Unit filename="ext/tinyxml2.h" />
		<Unit filename="sq/sq.c">
			<Option compilerVar="CC" />
		</Unit>
		<Unit filename="sqstdlib/sqstdaux.cpp" />
		<Unit filename="sqstdlib/sqstdblob.cpp" />
		<Unit filename="sqstdlib/sqstdblobimpl.h" />
		<Unit filename="sqstdlib/sqstdio.cpp" />
		<Unit filename="sqstdlib/sqstdlib.dsp" />
		<Unit filename="sqstdlib/sqstdmath.cpp" />
		<Unit filename="sqstdlib/sqstdrex.cpp" />
		<Unit filename="sqstdlib/sqstdstream.cpp" />
		<Unit filename="sqstdlib/sqstdstream.h" />
		<Unit filename="sqstdlib/sqstdstring.cpp" />
		<Unit filename="sqstdlib/sqstdsystem.cpp" />
		<Unit filename="squirrel/lua-regex.c">
			<Option compilerVar="CC" />
		</Unit>
		<Unit filename="squirrel/lua-regex.h" />
		<Unit filename="squirrel/sqapi.cpp" />
		<Unit filename="squirrel/sqarray.h" />
		<Unit filename="squirrel/sqbaselib.cpp" />
		<Unit filename="squirrel/sqclass.cpp" />
		<Unit filename="squirrel/sqclass.h" />
		<Unit filename="squirrel/sqclosure.h" />
		<Unit filename="squirrel/sqcompiler.cpp" />
		<Unit filename="squirrel/sqcompiler.h" />
		<Unit filename="squirrel/sqdebug.cpp" />
		<Unit filename="squirrel/sqfuncproto.h" />
		<Unit filename="squirrel/sqfuncstate.cpp" />
		<Unit filename="squirrel/sqfuncstate.h" />
		<Unit filename="squirrel/sqlexer.cpp" />
		<Unit filename="squirrel/sqlexer.h" />
		<Unit filename="squirrel/sqmem.cpp" />
		<Unit filename="squirrel/sqobject.cpp" />
		<Unit filename="squirrel/sqobject.h" />
		<Unit filename="squirrel/sqopcodes.h" />
		<Unit filename="squirrel/sqpcheader.h" />
		<Unit filename="squirrel/sqstate.cpp" />
		<Unit filename="squirrel/sqstate.h" />
		<Unit filename="squirrel/sqstring.h" />
		<Unit filename="squirrel/sqtable.cpp" />
		<Unit filename="squirrel/sqtable.h" />
		<Unit filename="squirrel/squserdata.h" />
		<Unit filename="squirrel/squtils.h" />
		<Unit filename="squirrel/sqvm.cpp" />
		<Unit filename="squirrel/sqvm.h" />
		<Unit filename="squirrel/sublatin.c">
			<Option compilerVar="CC" />
		</Unit>
		<Unit filename="squirrel/sublatin.h" />
		<Unit filename="../dadbiz++/third-party/sqlite3/sqlite3.c">
			<Option compilerVar="CC" />
		</Unit>
		<Unit filename="../dadbiz++/third-party/sqlite3/sqlite3.h" />
		<Extensions>
			<code_completion />
			<debugger />
			<envvars />
		</Extensions>
	</Project>
</CodeBlocks_project_file>
