<?xml version="1.0" encoding="UTF-8" standalone="yes" ?>
<CodeBlocks_project_file>
	<FileVersion major="1" minor="6" />
	<Project>
		<Option title="squilu" />
		<Option pch_mode="2" />
		<Option compiler="gcc" />
		<Build>
			<Target title="Debug">
				<Option output="bin/squilu-dbg" prefix_auto="1" extension_auto="1" />
				<Option object_output="obj/Debug/" />
				<Option type="1" />
				<Option compiler="gcc" />
				<Option parameters="spectralnorm.nut" />
				<Compiler>
					<Add option="-g" />
					<Add directory="../../zeromq-3.2.2/include" />
				</Compiler>
				<Linker>
					<Add library="../../zeromq-3.2.2/libzmq3.a" />
					<Add library="pthread" />
					<Add library="rt" />
					<Add library="dl" />
					<Add library="axtls" />
					<Add library="mpdecimal" />
				</Linker>
			</Target>
			<Target title="Release">
				<Option output="bin/squilu" prefix_auto="1" extension_auto="1" />
				<Option object_output="obj/Release/" />
				<Option type="1" />
				<Option compiler="gcc" />
				<Compiler>
					<Add option="-O3" />
					<Add option="-Wall" />
					<Add option="-fno-rtti" />
					<Add option="-fno-strict-aliasing" />
					<Add directory="../../zeromq-3.2.2/include" />
				</Compiler>
				<Linker>
					<Add option="-s" />
					<Add library="../../zeromq-3.2.2/libzmq3.a" />
					<Add library="pthread" />
					<Add library="rt" />
					<Add library="dl" />
					<Add library="axtls" />
					<Add library="mpdecimal" />
					<Add library="discount" />
					<Add library="fltk_z" />
					<Add directory="../../zeromq-3.2.2" />
					<Add directory="../fltk/lib" />
				</Linker>
			</Target>
			<Target title="Release clang">
				<Option output="bin/squilu" prefix_auto="1" extension_auto="1" />
				<Option object_output="obj/Release/" />
				<Option type="1" />
				<Option compiler="clang_compiler" />
				<Compiler>
					<Add option="-O2" />
				</Compiler>
				<Linker>
					<Add option="-s" />
					<Add library="pthread" />
					<Add library="rt" />
					<Add library="dl" />
					<Add library="axtls" />
					<Add library="mpdecimal" />
					<Add library="discount" />
				</Linker>
			</Target>
			<Target title="Release win32">
				<Option output="bin/squilu.exe" prefix_auto="1" extension_auto="0" />
				<Option object_output="obj/Release-win32/" />
				<Option type="1" />
				<Option compiler="gnu_gcc_compiler_static" />
				<Compiler>
					<Add option="-O3" />
					<Add option="-Wall" />
					<Add option="-fno-rtti" />
					<Add option="-fno-strict-aliasing" />
					<Add option="-DAS_STATIC_LIB=1" />
					<Add option="-DINET_ATON=1" />
					<Add directory="../../zeromq-3.2.2/include" />
					<Add directory="../../../../Program Files/PostgreSQL/9.1/include" />
				</Compiler>
				<Linker>
					<Add option="-s" />
					<Add option="-static-libstdc++" />
					<Add option="-static-libgcc" />
					<Add library="zeromq-win32" />
					<Add library="axtls-win32" />
					<Add library="ws2_32" />
					<Add library="mpdecimal-win32" />
					<Add library="discount-win32" />
					<Add library="fltk_z" />
					<Add directory="../../zeromq-3.2.2" />
					<Add directory="../fltk/lib" />
				</Linker>
			</Target>
			<Target title="Release FLTK">
				<Option output="bin/squilu" prefix_auto="1" extension_auto="1" />
				<Option object_output="obj/Release/" />
				<Option type="1" />
				<Option compiler="gcc" />
				<Compiler>
					<Add option="-fomit-frame-pointer" />
					<Add option="-fexpensive-optimizations" />
					<Add option="-O3" />
					<Add option="-Wall" />
					<Add option="-fno-rtti" />
					<Add option="-fno-strict-aliasing" />
					<Add option="-DWITH_FLTK=1" />
					<Add directory="../../zeromq-3.2.2/include" />
					<Add directory="../fltk" />
					<Add directory="../libharu/include" />
					<Add directory="../flu" />
				</Compiler>
				<Linker>
					<Add option="-s" />
					<Add library="../../zeromq-3.2.2/libzmq3.a" />
					<Add library="pthread" />
					<Add library="rt" />
					<Add library="dl" />
					<Add library="axtls" />
					<Add library="fltkutils" />
					<Add library="fltk_images" />
					<Add library="fltk_png" />
					<Add library="fltk_jpeg" />
					<Add library="fltk_z" />
					<Add library="fltk" />
					<Add library="Xext" />
					<Add library="Xft" />
					<Add library="Xinerama" />
					<Add library="mpdecimal" />
					<Add library="hpdfs" />
					<Add library="discount" />
					<Add directory="../../zeromq-3.2.2" />
					<Add directory="../fltk/lib" />
					<Add directory="../flu" />
					<Add directory="../libharu/src" />
				</Linker>
			</Target>
			<Target title="Debug FLTK">
				<Option output="bin/squilu-dbg" prefix_auto="1" extension_auto="1" />
				<Option working_dir="samples" />
				<Option object_output="obj/Debug/" />
				<Option type="1" />
				<Option compiler="gcc" />
				<Option parameters="ourbiz-fltk.nut" />
				<Compiler>
					<Add option="-O2" />
					<Add option="-Wall" />
					<Add option="-g" />
					<Add option="-fno-rtti" />
					<Add option="-fno-strict-aliasing" />
					<Add option="-DWITH_FLTK=1" />
					<Add directory="../../zeromq-3.2.2/include" />
					<Add directory="../fltk" />
					<Add directory="../flu" />
					<Add directory="../libharu/include" />
				</Compiler>
				<Linker>
					<Add library="../../zeromq-3.2.2/libzmq3.a" />
					<Add library="pthread" />
					<Add library="rt" />
					<Add library="dl" />
					<Add library="axtls" />
					<Add library="fltkutils" />
					<Add library="fltk_images" />
					<Add library="fltk_png" />
					<Add library="fltk_jpeg" />
					<Add library="fltk_z" />
					<Add library="fltk" />
					<Add library="Xext" />
					<Add library="Xft" />
					<Add library="Xinerama" />
					<Add library="mpdecimal" />
					<Add library="hpdfs" />
					<Add library="discount" />
					<Add directory="../../zeromq-3.2.2" />
					<Add directory="../fltk/lib" />
					<Add directory="../flu" />
					<Add directory="../libharu/src" />
				</Linker>
			</Target>
			<Target title="Release FLTK win32">
				<Option output="bin/squilu-fltk.exe" prefix_auto="1" extension_auto="0" />
				<Option object_output="obj/Release-win32/" />
				<Option type="1" />
				<Option compiler="gnu_gcc_compiler_static" />
				<Compiler>
					<Add option="-O3" />
					<Add option="-Wall" />
					<Add option="-fno-rtti" />
					<Add option="-fno-strict-aliasing" />
					<Add option="-DAS_STATIC_LIB=1" />
					<Add option="-DINET_ATON=1" />
					<Add option="-DWITH_FLTK=1" />
					<Add directory="../../zeromq-3.2.2/include" />
					<Add directory="../../../../Program Files/PostgreSQL/9.1/include" />
					<Add directory="../fltk" />
					<Add directory="../libharu/include" />
					<Add directory="../flu" />
				</Compiler>
				<Linker>
					<Add option="-s" />
					<Add option="-static-libstdc++" />
					<Add option="-static-libgcc" />
					<Add library="fltk_images" />
					<Add library="fltk_png" />
					<Add library="fltk_jpeg" />
					<Add library="fltkutils" />
					<Add library="fltk_z" />
					<Add library="fltk" />
					<Add library="hpdfs" />
					<Add library="zeromq-win32" />
					<Add library="axtls-win32" />
					<Add library="ws2_32" />
					<Add library="mpdecimal-win32" />
					<Add library="discount-win32" />
					<Add library="gdi32" />
					<Add library="uuid" />
					<Add library="ole32" />
					<Add library="comctl32" />
					<Add library="winspool" />
					<Add library="rpcrt4" />
					<Add library="comdlg32" />
					<Add directory="../../zeromq-3.2.2" />
					<Add directory="../fltk/lib" />
					<Add directory="../flu" />
					<Add directory="../libharu/src" />
				</Linker>
			</Target>
			<Target title="Release FLTK win32 no console">
				<Option output="bin/squilu-fltk-w.exe" prefix_auto="1" extension_auto="0" />
				<Option object_output="obj/Release-win32/" />
				<Option type="0" />
				<Option compiler="gnu_gcc_compiler_static" />
				<Compiler>
					<Add option="-O3" />
					<Add option="-Wall" />
					<Add option="-fno-rtti" />
					<Add option="-fno-strict-aliasing" />
					<Add option="-DAS_STATIC_LIB=1" />
					<Add option="-DINET_ATON=1" />
					<Add option="-DWITH_FLTK=1" />
					<Add directory="../../zeromq-3.2.2/include" />
					<Add directory="../../../../Program Files/PostgreSQL/9.1/include" />
					<Add directory="../fltk" />
					<Add directory="../libharu/include" />
					<Add directory="../flu" />
				</Compiler>
				<Linker>
					<Add option="-s" />
					<Add option="-static-libstdc++" />
					<Add option="-static-libgcc" />
					<Add library="zeromq-win32" />
					<Add library="axtls-win32" />
					<Add library="ws2_32" />
					<Add library="mpdecimal-win32" />
					<Add library="discount-win32" />
					<Add library="fltkutils" />
					<Add library="fltk_images" />
					<Add library="fltk_png" />
					<Add library="fltk_jpeg" />
					<Add library="fltk_z" />
					<Add library="fltk" />
					<Add library="hpdfs" />
					<Add library="gdi32" />
					<Add library="uuid" />
					<Add library="ole32" />
					<Add library="comctl32" />
					<Add library="winspool" />
					<Add library="rpcrt4" />
					<Add library="comdlg32" />
					<Add directory="../../zeromq-3.2.2" />
					<Add directory="../fltk/lib" />
					<Add directory="../flu" />
					<Add directory="../libharu/src" />
				</Linker>
			</Target>
			<Target title="Release alone">
				<Option output="bin/squilu-alone" prefix_auto="1" extension_auto="1" />
				<Option object_output="obj/Release-alone/" />
				<Option type="1" />
				<Option compiler="gcc" />
				<Compiler>
					<Add option="-Os" />
					<Add option="-Wall" />
					<Add option="-fno-rtti" />
					<Add option="-fno-strict-aliasing" />
					<Add option="-DNEED_SUBLATIN_C=1" />
					<Add option="-DSQUILU_ALONE=1" />
					<Add directory="../../zeromq-3.2.2/include" />
				</Compiler>
				<Linker>
					<Add option="-s" />
					<Add library="../../zeromq-3.2.2/libzmq3.a" />
					<Add library="pthread" />
					<Add library="rt" />
					<Add library="dl" />
					<Add library="axtls" />
					<Add library="mpdecimal" />
					<Add library="discount" />
					<Add library="fltk_z" />
					<Add directory="../../zeromq-3.2.2" />
					<Add directory="../fltk/lib" />
				</Linker>
			</Target>
		</Build>
		<Compiler>
			<Add option="-Wall" />
			<Add option="-fno-strict-aliasing" />
			<Add option="-DPROFILE_SQVM=1" />
			<Add option="-DSQ_JIT_LLVM44=1" />
			<Add option="-D_DEBUG_DUMP33=1" />
			<Add option="-DWITH_DAD_EXTRAS=1" />
			<Add option="-DWITH_FULL_DAD_EXTRAS=1" />
			<Add option="-DSQ_SUBLATIN=1" />
			<Add option="-DNEED_SUBLATIN_C2=1" />
			<Add option="-DSQUSEDOUBLE=1" />
			<Add option="-DSQUSEDECIMAL642=1" />
			<Add option="-DNO_EXCEPTION_KEY_NOT_FOUND0=1" />
			<Add option="-D_SQ642=1" />
			<Add option="-DNO_GARBAGE_COLLECTOR00=1" />
			<Add option="-DSQLITE_DEFAULT_FILE_FORMAT=4" />
			<Add option="-DSQLITE_DEFAULT_AUTOVACUUM=1" />
			<Add option="-DSQLITE_DEFAULT_FOREIGN_KEYS=1" />
			<Add option="-DSQLITE_ENABLE_COLUMN_METADATA=1" />
			<Add option="-DSQLITE_ENABLE_EXTENSION_FUNCTIONS=1" />
			<Add option="-DSQLITE_ENABLE_FTS3=1" />
			<Add option="-DSQLITE_ENABLE_FTS3_PARENTHESIS=1" />
			<Add option="-DSQLITE_ENABLE_UNLOCK_NOTIFY=1" />
			<Add option="-DSQLITE_ENABLE_RTREE=1" />
			<Add option="-DSQLITE_ENABLE_STAT3=1" />
			<Add option="-DSQLITE_HAS_CODEC=1" />
			<Add option="-DSQLITE_OMIT_TCL_VARIABLE=1" />
			<Add option="-DSQLITE_USE_URI=1" />
			<Add option="-DSQLITE_SOUNDEX=1" />
			<Add option="-DNO_POPEN=1" />
			<Add option="-DNO_SSL_DL=1" />
			<Add option="-DHAVE_STDINT=1" />
			<Add option="-DUSE_AXTLS=1" />
			<Add option="-DUSE_AXTLS_ON_MEMORY=1" />
			<Add option="-D_FILE_OFFSET_BITS=64" />
			<Add option="-DSSL_STATIC_LIBRARY=1" />
			<Add option="-DPDF_USING_ZLIB=1" />
			<Add option="-DRS232_STATIC=1" />
			<Add directory="include" />
			<Add directory="sqstdlib" />
			<Add directory="../myaxtls" />
			<Add directory="../discount" />
			<Add directory="/usr/include/postgresql" />
			<Add directory="/usr/lib/jvm/default-java/include" />
			<Add directory="/usr/lib/llvm-3.1/include" />
			<Add directory="../SquiLu-ext/threadObject" />
			<Add directory=".." />
			<Add directory="../SquiLu-ext" />
		</Compiler>
		<Linker>
			<Add library="m" />
			<Add directory="lib" />
			<Add directory="../myaxtls" />
			<Add directory="../mpdecimal" />
			<Add directory="../discount" />
		</Linker>
		<Unit filename="../SquiLu-ext/HighResolutionTimer.cpp" />
		<Unit filename="../SquiLu-ext/HighResolutionTimer.h" />
		<Unit filename="../SquiLu-ext/code_mix_prep.c">
			<Option compilerVar="CC" />
		</Unit>
		<Unit filename="../SquiLu-ext/dynamic_library.cpp">
			<Option target="Debug" />
			<Option target="Release" />
			<Option target="Release clang" />
			<Option target="Release win32" />
			<Option target="Release FLTK" />
			<Option target="Debug FLTK" />
			<Option target="Release FLTK win32" />
			<Option target="Release FLTK win32 no console" />
		</Unit>
		<Unit filename="../SquiLu-ext/dynamic_library.h">
			<Option target="Debug" />
			<Option target="Release" />
			<Option target="Release clang" />
			<Option target="Release win32" />
			<Option target="Release FLTK" />
			<Option target="Debug FLTK" />
			<Option target="Release FLTK win32" />
			<Option target="Release FLTK win32 no console" />
		</Unit>
		<Unit filename="../SquiLu-ext/fpdf.cpp">
			<Option target="Debug" />
			<Option target="Release" />
			<Option target="Release clang" />
			<Option target="Release win32" />
			<Option target="Release FLTK" />
			<Option target="Debug FLTK" />
			<Option target="Release FLTK win32" />
			<Option target="Release FLTK win32 no console" />
		</Unit>
		<Unit filename="../SquiLu-ext/fpdf.h">
			<Option target="Debug" />
			<Option target="Release" />
			<Option target="Release clang" />
			<Option target="Release win32" />
			<Option target="Release FLTK" />
			<Option target="Debug FLTK" />
			<Option target="Release FLTK win32" />
			<Option target="Release FLTK win32 no console" />
		</Unit>
		<Unit filename="../SquiLu-ext/lua_socket.cpp">
			<Option target="Debug" />
			<Option target="Release" />
			<Option target="Release clang" />
			<Option target="Release win32" />
			<Option target="Release FLTK" />
			<Option target="Debug FLTK" />
			<Option target="Release FLTK win32" />
			<Option target="Release FLTK win32 no console" />
		</Unit>
		<Unit filename="../SquiLu-ext/lua_socket.h">
			<Option target="Debug" />
			<Option target="Release" />
			<Option target="Release clang" />
			<Option target="Release win32" />
			<Option target="Release FLTK" />
			<Option target="Debug FLTK" />
			<Option target="Release FLTK win32" />
			<Option target="Release FLTK win32 no console" />
		</Unit>
		<Unit filename="../SquiLu-ext/mongoose.c">
			<Option compilerVar="CC" />
			<Option target="Debug" />
			<Option target="Release" />
			<Option target="Release clang" />
			<Option target="Release win32" />
			<Option target="Release FLTK" />
			<Option target="Debug FLTK" />
			<Option target="Release FLTK win32" />
			<Option target="Release FLTK win32 no console" />
		</Unit>
		<Unit filename="../SquiLu-ext/mongoose.h">
			<Option target="Debug" />
			<Option target="Release" />
			<Option target="Release clang" />
			<Option target="Release win32" />
			<Option target="Release FLTK" />
			<Option target="Debug FLTK" />
			<Option target="Release FLTK win32" />
			<Option target="Release FLTK win32 no console" />
		</Unit>
		<Unit filename="../SquiLu-ext/pdf-font.cpp">
			<Option target="Debug" />
			<Option target="Release" />
			<Option target="Release clang" />
			<Option target="Release win32" />
			<Option target="Release FLTK" />
			<Option target="Debug FLTK" />
			<Option target="Release FLTK win32" />
			<Option target="Release FLTK win32 no console" />
		</Unit>
		<Unit filename="../SquiLu-ext/pdf-font.h">
			<Option target="Debug" />
			<Option target="Release" />
			<Option target="Release clang" />
			<Option target="Release win32" />
			<Option target="Release FLTK" />
			<Option target="Debug FLTK" />
			<Option target="Release FLTK win32" />
			<Option target="Release FLTK win32 no console" />
		</Unit>
		<Unit filename="../SquiLu-ext/sq_axtls.c">
			<Option compilerVar="CC" />
			<Option target="Debug" />
			<Option target="Release" />
			<Option target="Release clang" />
			<Option target="Release win32" />
			<Option target="Release FLTK" />
			<Option target="Debug FLTK" />
			<Option target="Release FLTK win32" />
			<Option target="Release FLTK win32 no console" />
		</Unit>
		<Unit filename="../SquiLu-ext/sq_base64.cpp">
			<Option target="Debug" />
			<Option target="Release" />
			<Option target="Release clang" />
			<Option target="Release win32" />
			<Option target="Release FLTK" />
			<Option target="Debug FLTK" />
			<Option target="Release FLTK win32" />
			<Option target="Release FLTK win32 no console" />
		</Unit>
		<Unit filename="../SquiLu-ext/sq_decimal.cpp">
			<Option target="Debug" />
			<Option target="Release" />
			<Option target="Release clang" />
			<Option target="Release win32" />
			<Option target="Release FLTK" />
			<Option target="Debug FLTK" />
			<Option target="Release FLTK win32" />
			<Option target="Release FLTK win32 no console" />
		</Unit>
		<Unit filename="../SquiLu-ext/sq_fltk.cpp">
			<Option target="Debug" />
			<Option target="Release" />
			<Option target="Release clang" />
			<Option target="Release win32" />
			<Option target="Release FLTK" />
			<Option target="Debug FLTK" />
			<Option target="Release FLTK win32" />
			<Option target="Release FLTK win32 no console" />
		</Unit>
		<Unit filename="../SquiLu-ext/sq_fpdf.cpp">
			<Option target="Debug" />
			<Option target="Release" />
			<Option target="Release clang" />
			<Option target="Release win32" />
			<Option target="Release FLTK" />
			<Option target="Debug FLTK" />
			<Option target="Release FLTK win32" />
			<Option target="Release FLTK win32 no console" />
		</Unit>
		<Unit filename="../SquiLu-ext/sq_fs.c">
			<Option compilerVar="CC" />
			<Option target="Debug" />
			<Option target="Release" />
			<Option target="Release clang" />
			<Option target="Release win32" />
			<Option target="Release FLTK" />
			<Option target="Debug FLTK" />
			<Option target="Release FLTK win32" />
			<Option target="Release FLTK win32 no console" />
		</Unit>
		<Unit filename="../SquiLu-ext/sq_markdown.cpp">
			<Option target="Debug" />
			<Option target="Release" />
			<Option target="Release clang" />
			<Option target="Release win32" />
			<Option target="Release FLTK" />
			<Option target="Debug FLTK" />
			<Option target="Release FLTK win32" />
			<Option target="Release FLTK win32 no console" />
		</Unit>
		<Unit filename="../SquiLu-ext/sq_mix.cpp">
			<Option target="Debug" />
			<Option target="Release" />
			<Option target="Release clang" />
			<Option target="Release win32" />
			<Option target="Release FLTK" />
			<Option target="Debug FLTK" />
			<Option target="Release FLTK win32" />
			<Option target="Release FLTK win32 no console" />
		</Unit>
		<Unit filename="../SquiLu-ext/sq_mongoose.cpp">
			<Option target="Debug" />
			<Option target="Release" />
			<Option target="Release clang" />
			<Option target="Release win32" />
			<Option target="Release FLTK" />
			<Option target="Debug FLTK" />
			<Option target="Release FLTK win32" />
			<Option target="Release FLTK win32 no console" />
		</Unit>
		<Unit filename="../SquiLu-ext/sq_parsecsv.cpp">
			<Option target="Debug" />
			<Option target="Release" />
			<Option target="Release clang" />
			<Option target="Release win32" />
			<Option target="Release FLTK" />
			<Option target="Debug FLTK" />
			<Option target="Release FLTK win32" />
			<Option target="Release FLTK win32 no console" />
		</Unit>
		<Unit filename="../SquiLu-ext/sq_postgresql.cpp">
			<Option target="Debug" />
			<Option target="Release" />
			<Option target="Release clang" />
			<Option target="Release win32" />
			<Option target="Release FLTK" />
			<Option target="Debug FLTK" />
			<Option target="Release FLTK win32" />
			<Option target="Release FLTK win32 no console" />
		</Unit>
		<Unit filename="../SquiLu-ext/sq_rs232.c">
			<Option compilerVar="CC" />
			<Option target="Debug" />
			<Option target="Release" />
			<Option target="Release clang" />
			<Option target="Release win32" />
			<Option target="Release FLTK" />
			<Option target="Debug FLTK" />
			<Option target="Release FLTK win32" />
			<Option target="Release FLTK win32 no console" />
		</Unit>
		<Unit filename="../SquiLu-ext/sq_slave_vm.cpp">
			<Option target="Debug" />
			<Option target="Release" />
			<Option target="Release clang" />
			<Option target="Release win32" />
			<Option target="Release FLTK" />
			<Option target="Debug FLTK" />
			<Option target="Release FLTK win32" />
			<Option target="Release FLTK win32 no console" />
		</Unit>
		<Unit filename="../SquiLu-ext/sq_socket.cpp">
			<Option target="Debug" />
			<Option target="Release" />
			<Option target="Release clang" />
			<Option target="Release win32" />
			<Option target="Release FLTK" />
			<Option target="Debug FLTK" />
			<Option target="Release FLTK win32" />
			<Option target="Release FLTK win32 no console" />
		</Unit>
		<Unit filename="../SquiLu-ext/sq_sqlite3.cpp">
			<Option target="Debug" />
			<Option target="Release" />
			<Option target="Release clang" />
			<Option target="Release win32" />
			<Option target="Release FLTK" />
			<Option target="Debug FLTK" />
			<Option target="Release FLTK win32" />
			<Option target="Release FLTK win32 no console" />
		</Unit>
		<Unit filename="../SquiLu-ext/sq_tinyxml2.cpp">
			<Option target="Debug" />
			<Option target="Release" />
			<Option target="Release clang" />
			<Option target="Release win32" />
			<Option target="Release FLTK" />
			<Option target="Debug FLTK" />
			<Option target="Release FLTK win32" />
			<Option target="Release FLTK win32 no console" />
		</Unit>
		<Unit filename="../SquiLu-ext/sq_zlib.cpp">
			<Option target="Debug" />
			<Option target="Release" />
			<Option target="Release clang" />
			<Option target="Release win32" />
			<Option target="Release FLTK" />
			<Option target="Debug FLTK" />
			<Option target="Release FLTK win32" />
			<Option target="Release FLTK win32 no console" />
		</Unit>
		<Unit filename="../SquiLu-ext/sq_zmq3.cpp">
			<Option target="Debug" />
			<Option target="Release" />
			<Option target="Release clang" />
			<Option target="Release win32" />
			<Option target="Release FLTK" />
			<Option target="Debug FLTK" />
			<Option target="Release FLTK win32" />
			<Option target="Release FLTK win32 no console" />
		</Unit>
		<Unit filename="../SquiLu-ext/sqlite3.c">
			<Option compilerVar="CC" />
			<Option target="Debug" />
			<Option target="Release" />
			<Option target="Release clang" />
			<Option target="Release win32" />
			<Option target="Release FLTK" />
			<Option target="Debug FLTK" />
			<Option target="Release FLTK win32" />
			<Option target="Release FLTK win32 no console" />
		</Unit>
		<Unit filename="../SquiLu-ext/sqlite3.h">
			<Option target="Debug" />
			<Option target="Release" />
			<Option target="Release clang" />
			<Option target="Release win32" />
			<Option target="Release FLTK" />
			<Option target="Debug FLTK" />
			<Option target="Release FLTK win32" />
			<Option target="Release FLTK win32 no console" />
		</Unit>
		<Unit filename="../SquiLu-ext/sqmodule.h">
			<Option target="Debug" />
			<Option target="Release" />
			<Option target="Release clang" />
			<Option target="Release win32" />
			<Option target="Release FLTK" />
			<Option target="Debug FLTK" />
			<Option target="Release FLTK win32" />
			<Option target="Release FLTK win32 no console" />
		</Unit>
		<Unit filename="../SquiLu-ext/sqratimport.cpp">
			<Option target="Debug" />
			<Option target="Release" />
			<Option target="Release clang" />
			<Option target="Release win32" />
			<Option target="Release FLTK" />
			<Option target="Debug FLTK" />
			<Option target="Release FLTK win32" />
			<Option target="Release FLTK win32 no console" />
		</Unit>
		<Unit filename="../SquiLu-ext/sqratimport.h">
			<Option target="Debug" />
			<Option target="Release" />
			<Option target="Release clang" />
			<Option target="Release win32" />
			<Option target="Release FLTK" />
			<Option target="Debug FLTK" />
			<Option target="Release FLTK win32" />
			<Option target="Release FLTK win32 no console" />
		</Unit>
		<Unit filename="../SquiLu-ext/tinyxml2.cpp">
			<Option target="Debug" />
			<Option target="Release" />
			<Option target="Release clang" />
			<Option target="Release win32" />
			<Option target="Release FLTK" />
			<Option target="Debug FLTK" />
			<Option target="Release FLTK win32" />
			<Option target="Release FLTK win32 no console" />
		</Unit>
		<Unit filename="../SquiLu-ext/tinyxml2.h">
			<Option target="Debug" />
			<Option target="Release" />
			<Option target="Release clang" />
			<Option target="Release win32" />
			<Option target="Release FLTK" />
			<Option target="Debug FLTK" />
			<Option target="Release FLTK win32" />
			<Option target="Release FLTK win32 no console" />
		</Unit>
		<Unit filename="dadbiz.rc">
			<Option compilerVar="WINDRES" />
			<Option target="Release win32" />
			<Option target="Release FLTK win32" />
			<Option target="Release FLTK win32 no console" />
		</Unit>
		<Unit filename="include/sqstdaux.h" />
		<Unit filename="include/sqstdblob.h" />
		<Unit filename="include/sqstdio.h" />
		<Unit filename="include/sqstdmath.h" />
		<Unit filename="include/sqstdstring.h" />
		<Unit filename="include/sqstdsystem.h" />
		<Unit filename="include/squirrel.h" />
		<Unit filename="sq/sq.c">
			<Option compilerVar="CC" />
		</Unit>
		<Unit filename="sqstdlib/sqstdaux.cpp" />
		<Unit filename="sqstdlib/sqstdblob.cpp" />
		<Unit filename="sqstdlib/sqstdblobimpl.h" />
		<Unit filename="sqstdlib/sqstdio.cpp" />
		<Unit filename="sqstdlib/sqstdmath.cpp" />
		<Unit filename="sqstdlib/sqstdrex.cpp" />
		<Unit filename="sqstdlib/sqstdstream.cpp" />
		<Unit filename="sqstdlib/sqstdstream.h" />
		<Unit filename="sqstdlib/sqstdstring.cpp" />
		<Unit filename="sqstdlib/sqstdsystem.cpp" />
		<Unit filename="squirrel/lua-regex.c">
			<Option compilerVar="CC" />
		</Unit>
		<Unit filename="squirrel/lua-regex.h" />
		<Unit filename="squirrel/sqapi.cpp" />
		<Unit filename="squirrel/sqarray.h" />
		<Unit filename="squirrel/sqbaselib.cpp" />
		<Unit filename="squirrel/sqclass.cpp" />
		<Unit filename="squirrel/sqclass.h" />
		<Unit filename="squirrel/sqclosure.h" />
		<Unit filename="squirrel/sqcompiler.cpp" />
		<Unit filename="squirrel/sqcompiler.h" />
		<Unit filename="squirrel/sqdebug.cpp" />
		<Unit filename="squirrel/sqfuncproto.h" />
		<Unit filename="squirrel/sqfuncstate.cpp" />
		<Unit filename="squirrel/sqfuncstate.h" />
		<Unit filename="squirrel/sqlexer.cpp" />
		<Unit filename="squirrel/sqlexer.h" />
		<Unit filename="squirrel/sqmem.cpp" />
		<Unit filename="squirrel/sqobject.cpp" />
		<Unit filename="squirrel/sqobject.h" />
		<Unit filename="squirrel/sqopcodes.h" />
		<Unit filename="squirrel/sqpcheader.h" />
		<Unit filename="squirrel/sqstate.cpp" />
		<Unit filename="squirrel/sqstate.h" />
		<Unit filename="squirrel/sqstring.h" />
		<Unit filename="squirrel/sqtable.cpp" />
		<Unit filename="squirrel/sqtable.h" />
		<Unit filename="squirrel/squserdata.h" />
		<Unit filename="squirrel/squtils.h" />
		<Unit filename="squirrel/sqvm.cpp" />
		<Unit filename="squirrel/sqvm.h" />
		<Unit filename="squirrel/sublatin.c">
			<Option compilerVar="CC" />
		</Unit>
		<Unit filename="squirrel/sublatin.h" />
		<Extensions>
			<code_completion />
			<debugger />
			<envvars />
		</Extensions>
	</Project>
</CodeBlocks_project_file>
