<?xml version="1.0" encoding="UTF-8" standalone="yes" ?>
<CodeBlocks_project_file>
	<FileVersion major="1" minor="6" />
	<Project>
		<Option title="editor" />
		<Option pch_mode="2" />
		<Option compiler="gcc" />
		<Build>
			<Target title="Debug">
				<Option output="bin/Debug/editor" prefix_auto="1" extension_auto="1" />
				<Option object_output="obj/Debug/" />
				<Option type="1" />
				<Option compiler="gcc" />
				<Compiler>
					<Add option="-g" />
					<Add directory="/usr/include/postgresql" />
				</Compiler>
				<Linker>
					<Add library="X11" />
					<Add library="Xinerama" />
					<Add library="Xft" />
					<Add library="Xext" />
					<Add library="pthread" />
					<Add library="rt" />
					<Add library="axtls" />
					<Add library="mpdecimal" />
					<Add library="zmq3" />
					<Add library="discount" />
				</Linker>
			</Target>
			<Target title="Release">
				<Option output="editor" prefix_auto="1" extension_auto="1" />
				<Option object_output="objs" />
				<Option type="1" />
				<Option compiler="gcc" />
				<Compiler>
					<Add option="-O3" />
					<Add directory="/usr/include/postgresql" />
					<Add directory="/usr/include/mysql" />
				</Compiler>
				<Linker>
					<Add option="-s" />
					<Add library="X11" />
					<Add library="Xinerama" />
					<Add library="Xft" />
					<Add library="Xext" />
					<Add library="pthread" />
					<Add library="zmq3" />
					<Add library="axtls" />
					<Add library="mpdecimal" />
					<Add library="discount" />
					<Add library="rt" />
				</Linker>
			</Target>
			<Target title="Release win32">
				<Option output="editor" prefix_auto="1" extension_auto="1" />
				<Option object_output="objs/win32" />
				<Option type="1" />
				<Option compiler="mingw32_compiler" />
				<Compiler>
					<Add option="-O3" />
					<Add option="-fno-rtti" />
					<Add option="-fno-strict-aliasing" />
					<Add option="-DAS_STATIC_LIB=1" />
					<Add option="-DINET_ATON=1" />
					<Add option="-DWITH_FLTK=1" />
					<Add directory="../../zeromq-3.2.2/include" />
					<Add directory="../fltk" />
					<Add directory="../libharu/include" />
					<Add directory="../flu" />
					<Add directory='[[print(PLATFORM == PLATFORM_GTK ? &quot;/usr/include/postgresql&quot; :  &quot;../../../../Program Files/PostgreSQL/9.1/include&quot;);]]' />
				</Compiler>
				<Linker>
					<Add option="-s" />
					<Add option="-static-libstdc++" />
					<Add option="-static-libgcc" />
					<Add library="axtls-win32" />
					<Add library="mpdecimal-win32" />
					<Add library="zmq3-win32" />
					<Add library="discount-win32" />
					<Add library="gdi32" />
					<Add library="uuid" />
					<Add library="ole32" />
					<Add library="winspool" />
					<Add library="comdlg32" />
					<Add library="comctl32" />
					<Add library="ws2_32" />
					<Add library="rpcrt4" />
					<Add directory="../../zeromq-3.2.2" />
					<Add directory="../../../../Program Files/PostgreSQL/9.1/include" />
					<Add directory="../fltk" />
					<Add directory="../libharu/include" />
					<Add directory="../flu" />
				</Linker>
			</Target>
			<Target title="Release 64bits">
				<Option output="editor" prefix_auto="1" extension_auto="1" />
				<Option object_output="objs" />
				<Option type="1" />
				<Option compiler="gcc" />
				<Compiler>
					<Add option="-O3" />
					<Add option="-DNDEBUG=1" />
					<Add option="-DWITH_FULL_DAD_EXTRAS=1" />
					<Add option="-D_SQ64=1" />
					<Add option="-DCONFIG_64=1" />
					<Add directory="/usr/include/postgresql" />
					<Add directory="/usr/include/mysql" />
					<Add directory="../minizip" />
				</Compiler>
				<Linker>
					<Add option="-s" />
					<Add library="X11" />
					<Add library="Xinerama" />
					<Add library="Xft" />
					<Add library="Xext" />
					<Add library="pthread" />
					<Add library="zmq3" />
					<Add library="axtls" />
					<Add library="mpdecimal" />
					<Add library="discount" />
					<Add library="rt" />
					<Add library="fontconfig" />
					<Add library="dl" />
				</Linker>
			</Target>
		</Build>
		<Compiler>
			<Add option="-Wall" />
			<Add option="-fexceptions" />
			<Add option="-DSQ_USE_MKSTEMP=1" />
			<Add option="-DSQ_USE_LOCALTIME_R=1" />
			<Add option="-DONLY_ASCII=1" />
			<Add option="-DWITH_DAD_EXTRAS=1" />
			<Add option="-DWITH_FLTK=1" />
			<Add option="-DWITH_MYSQL=1" />
			<Add option="-DWITH_POSTGRESQL=1" />
			<Add option="-DSQ_SUBLATIN=1" />
			<Add option="-DNEED_SUBLATIN_C2=1" />
			<Add option="-DSQUSEDOUBLE=1" />
			<Add option="-DSQUSEDECIMAL642=1" />
			<Add option="-DNO_EXCEPTION_KEY_NOT_FOUND0=1" />
			<Add option="-DNO_GARBAGE_COLLECTOR00=1" />
			<Add option="-DSQLITE_DEFAULT_FILE_FORMAT=4" />
			<Add option="-DSQLITE_DEFAULT_AUTOVACUUM=1" />
			<Add option="-DSQLITE_DEFAULT_FOREIGN_KEYS=1" />
			<Add option="-DSQLITE_ENABLE_COLUMN_METADATA=1" />
			<Add option="-DSQLITE_ENABLE_EXTENSION_FUNCTIONS=1" />
			<Add option="-DSQLITE_ENABLE_FTS3=1" />
			<Add option="-DSQLITE_ENABLE_FTS3_PARENTHESIS=1" />
			<Add option="-DSQLITE_ENABLE_UNLOCK_NOTIFY=1" />
			<Add option="-DSQLITE_ENABLE_RTREE=1" />
			<Add option="-DSQLITE_ENABLE_STAT3=1" />
			<Add option="-DSQLITE_HAS_CODEC=1" />
			<Add option="-DSQLITE_OMIT_TCL_VARIABLE=1" />
			<Add option="-DSQLITE_USE_URI=1" />
			<Add option="-DSQLITE_SOUNDEX=1" />
			<Add option="-DNO_POPEN=1" />
			<Add option="-DNO_SSL_DL=1" />
			<Add option="-DHAVE_STDINT=1" />
			<Add option="-DUSE_AXTLS=1" />
			<Add option="-DUSE_AXTLS_ON_MEMORY=1" />
			<Add option="-D_FILE_OFFSET_BITS=64" />
			<Add option="-DSSL_STATIC_LIBRARY=1" />
			<Add option="-DPDF_USING_ZLIB=1" />
			<Add option="-DRS232_STATIC=1" />
			<Add directory="../fltk" />
			<Add directory="../SquiLu/include" />
			<Add directory="../myaxtls" />
			<Add directory="../SquiLu/sqstdlib" />
			<Add directory="../SquiLu-ext" />
			<Add directory="../../zeromq-3.2.2/include" />
			<Add directory="../flu" />
			<Add directory="../libharu/include" />
			<Add directory="../discount" />
			<Add directory="../SquiLu-editor" />
			<Add directory=".." />
			<Add directory="../../../local/postgresql-9.5/include" />
		</Compiler>
		<Linker>
			<Add library="fltk_images" />
			<Add library="fltk_png" />
			<Add library="fltk_jpeg" />
			<Add library="fltkutils" />
			<Add library="fltk_z" />
			<Add library="fltk" />
			<Add library="m" />
			<Add library="hpdfs" />
			<Add library="../minizip/libminizip.a" />
			<Add directory="../fltk/lib" />
			<Add directory="../mpdecimal" />
			<Add directory="../myaxtls" />
			<Add directory="../../zeromq-3.2.2" />
			<Add directory="../flu" />
			<Add directory="../libharu/src" />
			<Add directory="../discount" />
		</Linker>
		<Unit filename="../SquiLu-ext/code_mix_prep.c">
			<Option compilerVar="CC" />
		</Unit>
		<Unit filename="../SquiLu-ext/dynamic_library.cpp" />
		<Unit filename="../SquiLu-ext/dynamic_library.h" />
		<Unit filename="../SquiLu-ext/fpdf.cpp" />
		<Unit filename="../SquiLu-ext/fpdf.h" />
		<Unit filename="../SquiLu-ext/lua_socket.cpp" />
		<Unit filename="../SquiLu-ext/lua_socket.h" />
		<Unit filename="../SquiLu-ext/mongoose.c">
			<Option compilerVar="CC" />
		</Unit>
		<Unit filename="../SquiLu-ext/mongoose.h" />
		<Unit filename="../SquiLu-ext/pdf-font.cpp" />
		<Unit filename="../SquiLu-ext/pdf-font.h" />
		<Unit filename="../SquiLu-ext/sq_axtls.c">
			<Option compilerVar="CC" />
		</Unit>
		<Unit filename="../SquiLu-ext/sq_base64.cpp" />
		<Unit filename="../SquiLu-ext/sq_decimal.cpp" />
		<Unit filename="../SquiLu-ext/sq_fltk.cpp" />
		<Unit filename="../SquiLu-ext/sq_fpdf.cpp" />
		<Unit filename="../SquiLu-ext/sq_fs.c">
			<Option compilerVar="CC" />
		</Unit>
		<Unit filename="../SquiLu-ext/sq_markdown.cpp" />
		<Unit filename="../SquiLu-ext/sq_mix.cpp" />
		<Unit filename="../SquiLu-ext/sq_mongoose.cpp" />
		<Unit filename="../SquiLu-ext/sq_mysql.cpp" />
		<Unit filename="../SquiLu-ext/sq_postgresql.cpp" />
		<Unit filename="../SquiLu-ext/sq_rs232.c">
			<Option compilerVar="CC" />
		</Unit>
		<Unit filename="../SquiLu-ext/sq_slave_vm.cpp" />
		<Unit filename="../SquiLu-ext/sq_socket.cpp" />
		<Unit filename="../SquiLu-ext/sq_sqlite3.cpp" />
		<Unit filename="../SquiLu-ext/sq_tinyxml2.cpp" />
		<Unit filename="../SquiLu-ext/sq_zlib.cpp" />
		<Unit filename="../SquiLu-ext/sqfs.h" />
		<Unit filename="../SquiLu-ext/sqlite3.c">
			<Option compilerVar="CC" />
		</Unit>
		<Unit filename="../SquiLu-ext/sqlite3.h" />
		<Unit filename="../SquiLu-ext/sqmodule.h" />
		<Unit filename="../SquiLu-ext/sqratimport.cpp" />
		<Unit filename="../SquiLu-ext/sqratimport.h" />
		<Unit filename="../SquiLu-ext/tinyxml2.cpp" />
		<Unit filename="../SquiLu-ext/tinyxml2.h" />
		<Unit filename="../SquiLu/sqstdlib/sqstdaux.cpp" />
		<Unit filename="../SquiLu/sqstdlib/sqstdblob.cpp" />
		<Unit filename="../SquiLu/sqstdlib/sqstdblobimpl.h" />
		<Unit filename="../SquiLu/sqstdlib/sqstdio.cpp" />
		<Unit filename="../SquiLu/sqstdlib/sqstdmath.cpp" />
		<Unit filename="../SquiLu/sqstdlib/sqstdrex.cpp" />
		<Unit filename="../SquiLu/sqstdlib/sqstdstream.cpp" />
		<Unit filename="../SquiLu/sqstdlib/sqstdstream.h" />
		<Unit filename="../SquiLu/sqstdlib/sqstdstring.cpp" />
		<Unit filename="../SquiLu/sqstdlib/sqstdsystem.cpp" />
		<Unit filename="../SquiLu/squirrel/lua-regex.c">
			<Option compilerVar="CC" />
		</Unit>
		<Unit filename="../SquiLu/squirrel/lua-regex.h" />
		<Unit filename="../SquiLu/squirrel/sqapi.cpp" />
		<Unit filename="../SquiLu/squirrel/sqarray.h" />
		<Unit filename="../SquiLu/squirrel/sqbaselib.cpp" />
		<Unit filename="../SquiLu/squirrel/sqclass.cpp" />
		<Unit filename="../SquiLu/squirrel/sqclass.h" />
		<Unit filename="../SquiLu/squirrel/sqclosure.h" />
		<Unit filename="../SquiLu/squirrel/sqcompiler.cpp" />
		<Unit filename="../SquiLu/squirrel/sqcompiler.h" />
		<Unit filename="../SquiLu/squirrel/sqdebug.cpp" />
		<Unit filename="../SquiLu/squirrel/sqfuncproto.h" />
		<Unit filename="../SquiLu/squirrel/sqfuncstate.cpp" />
		<Unit filename="../SquiLu/squirrel/sqfuncstate.h" />
		<Unit filename="../SquiLu/squirrel/sqlexer.cpp" />
		<Unit filename="../SquiLu/squirrel/sqlexer.h" />
		<Unit filename="../SquiLu/squirrel/sqmem.cpp" />
		<Unit filename="../SquiLu/squirrel/sqobject.cpp" />
		<Unit filename="../SquiLu/squirrel/sqobject.h" />
		<Unit filename="../SquiLu/squirrel/sqopcodes.h" />
		<Unit filename="../SquiLu/squirrel/sqpcheader.h" />
		<Unit filename="../SquiLu/squirrel/sqstate.cpp" />
		<Unit filename="../SquiLu/squirrel/sqstate.h" />
		<Unit filename="../SquiLu/squirrel/sqstring.h" />
		<Unit filename="../SquiLu/squirrel/sqtable.cpp" />
		<Unit filename="../SquiLu/squirrel/sqtable.h" />
		<Unit filename="../SquiLu/squirrel/squserdata.h" />
		<Unit filename="../SquiLu/squirrel/squtils.h" />
		<Unit filename="../SquiLu/squirrel/sqvm.cpp" />
		<Unit filename="../SquiLu/squirrel/sqvm.h" />
		<Unit filename="../SquiLu/squirrel/sublatin.c">
			<Option compilerVar="CC" />
		</Unit>
		<Unit filename="../SquiLu/squirrel/sublatin.h" />
		<Unit filename="dadbiz.rc">
			<Option compilerVar="WINDRES" />
			<Option target="Release win32" />
		</Unit>
		<Unit filename="editor.cxx" />
		<Extensions>
			<envvars />
			<code_completion />
			<lib_finder disable_auto="1" />
			<debugger />
		</Extensions>
	</Project>
</CodeBlocks_project_file>
